{
  "name": "web",
  "version": "0.1.0",
  "lockfileVersion": 3,
  "requires": true,
  "packages": {
    "": {
      "name": "web",
      "version": "0.1.0",
      "dependencies": {
        "@base-ui/react": "^1.7.0",
        "@locofoot/shared-types": "file:../../packages/shared-types",
        "@supabase/ssr": "^0.12.4",
        "@supabase/supabase-js": "^2.112.3",
        "class-variance-authority": "^0.7.1",
        "clsx": "^2.1.1",
        "date-fns": "^4.4.0",
        "framer-motion": "^13.2.0",
        "lucide-react": "^1.33.0",
        "next": "16.3.2",
        "qrcode.react": "^4.2.0",
        "react": "19.2.8",
        "react-dom": "19.2.8",
        "shadcn": "^4.19.0",
        "tailwind-merge": "^3.6.0",
        "tw-animate-css": "^1.4.0"
      },
      "devDependencies": {
        "@playwright/test": "^1.62.1",
        "@tailwindcss/postcss": "^4",
        "@types/node": "^20",
        "@types/react": "^19",
        "@types/react-dom": "^19",
        "eslint": "^9",
        "eslint-config-next": "16.3.2",
        "tailwindcss": "^4",
        "typescript": "^5",
        "vitest": "^4.1.11"
      }
    },
    "../../node_modules/.pnpm/@base-ui+react@1.8.0_@types_b1626b12d7775422a8cabee114d3a5b5/node_modules/@base-ui/react": {
      "version": "1.8.0",
      "license": "MIT",
      "dependencies": {
        "@babel/runtime": "^7.29.7",
        "@base-ui/utils": "0.4.0",
        "@floating-ui/react-dom": "^2.1.9",
        "@floating-ui/utils": "^0.2.12",
        "use-sync-external-store": "^1.6.0"
      },
      "engines": {
        "node": ">=14.0.0"
      },
      "funding": {
        "type": "opencollective",
        "url": "https://opencollective.com/mui-org"
      },
      "peerDependencies": {
        "@date-fns/tz": "^1.2.0",
        "@types/react": "^17 || ^18 || ^19",
        "date-fns": "^4.0.0",
        "react": "^17 || ^18 || ^19",
        "react-dom": "^17 || ^18 || ^19"
      },
      "peerDependenciesMeta": {
        "@date-fns/tz": {
          "optional": true
        },
        "@types/react": {
          "optional": true
        },
        "date-fns": {
          "optional": true
        }
      }
    },
    "../../node_modules/.pnpm/@playwright+test@1.62.1/node_modules/@playwright/test": {
      "version": "1.62.1",
      "dev": true,
      "license": "Apache-2.0",
      "dependencies": {
        "playwright": "1.62.1"
      },
      "bin": {
        "playwright": "cli.js"
      },
      "engines": {
        "node": ">=20"
      }
    },
    "../../node_modules/.pnpm/@supabase+ssr@0.12.6_@supabase+supabase-js@2.115.0/node_modules/@supabase/ssr": {
      "version": "0.12.6",
      "license": "MIT",
      "dependencies": {
        "cookie": "^1.0.2"
      },
      "devDependencies": {
        "@eslint/js": "^9.3.0",
        "@supabase/supabase-js": "2.114.0",
        "@types/node": "^24.3.0",
        "eslint": "^8.57.0",
        "prettier": "^3.2.5",
        "typedoc": "^0.28.19",
        "typescript": "^5.4.5",
        "typescript-eslint": "^7.10.0",
        "vitest": "^4.1.0"
      },
      "peerDependencies": {
        "@supabase/supabase-js": "^2.114.0"
      }
    },
    "../../node_modules/.pnpm/@supabase+supabase-js@2.115.0/node_modules/@supabase/supabase-js": {
      "version": "2.115.0",
      "license": "MIT",
      "dependencies": {
        "@supabase/auth-js": "2.115.0",
        "@supabase/functions-js": "2.115.0",
        "@supabase/postgrest-js": "2.115.0",
        "@supabase/realtime-js": "2.115.0",
        "@supabase/storage-js": "2.115.0"
      },
      "devDependencies": {
        "@arethetypeswrong/cli": "^0.18.2",
        "@jest/globals": "^30.0.0",
        "@jest/types": "^30.0.0",
        "@opentelemetry/api": "^1.9.0",
        "@opentelemetry/context-async-hooks": "^2.8.0",
        "@opentelemetry/core": "^2.8.0",
        "@opentelemetry/sdk-trace-node": "^2.8.0",
        "@supabase/tracing": "0.0.0-automated",
        "@types/jest": "30.0.0",
        "@types/jsonwebtoken": "^8.5.8",
        "@types/node": "20.19.9",
        "jest": "30.4.2",
        "jsonwebtoken": "^9.0.0",
        "jsr": "^0.13.5",
        "puppeteer": "^24.9.0",
        "ts-jest": "^29.4.9",
        "tsd": "^0.33.0",
        "tsdown": "^0.18.0",
        "typedoc": "^0.27.9",
        "typescript": "~5.8.3"
      },
      "engines": {
        "node": ">=22.0.0"
      },
      "peerDependencies": {
        "@opentelemetry/api": ">=1.0.0"
      },
      "peerDependenciesMeta": {
        "@opentelemetry/api": {
          "optional": true
        }
      }
    },
    "../../node_modules/.pnpm/@tailwindcss+postcss@4.3.3/node_modules/@tailwindcss/postcss": {
      "version": "4.3.3",
      "dev": true,
      "license": "MIT",
      "dependencies": {
        "@alloc/quick-lru": "^5.2.0",
        "@tailwindcss/node": "4.3.3",
        "@tailwindcss/oxide": "4.3.3",
        "postcss": "^8.5.16",
        "tailwindcss": "4.3.3"
      },
      "devDependencies": {
        "@types/node": "22.19.21",
        "@types/postcss-import": "14.0.3",
        "dedent": "1.7.2",
        "internal-example-plugin": "0.0.0",
        "postcss-import": "^16.1.1"
      }
    },
    "../../node_modules/.pnpm/@types+node@20.19.43/node_modules/@types/node": {
      "version": "20.19.43",
      "dev": true,
      "license": "MIT",
      "dependencies": {
        "undici-types": "~6.21.0"
      }
    },
    "../../node_modules/.pnpm/@types+react-dom@19.2.7_@types+react@19.2.18/node_modules/@types/react-dom": {
      "version": "19.2.7",
      "dev": true,
      "license": "MIT",
      "peerDependencies": {
        "@types/react": "^19.2.0"
      }
    },
    "../../node_modules/.pnpm/@types+react@19.2.18/node_modules/@types/react": {
      "version": "19.2.18",
      "dev": true,
      "license": "MIT",
      "dependencies": {
        "csstype": "^3.2.2"
      }
    },
    "../../node_modules/.pnpm/class-variance-authority@0.7.1/node_modules/class-variance-authority": {
      "version": "0.7.1",
      "license": "Apache-2.0",
      "dependencies": {
        "clsx": "^2.1.1"
      },
      "devDependencies": {
        "@swc/cli": "0.3.12",
        "@swc/core": "1.4.16",
        "@types/node": "20.12.7",
        "@types/react": "18.2.79",
        "@types/react-dom": "18.2.25",
        "bundlesize": "0.18.2",
        "npm-run-all": "4.1.5",
        "react": "18.2.0",
        "react-dom": "18.2.0",
        "ts-node": "10.9.2",
        "typescript": "5.4.5"
      },
      "funding": {
        "url": "https://polar.sh/cva"
      }
    },
    "../../node_modules/.pnpm/clsx@2.1.1/node_modules/clsx": {
      "version": "2.1.1",
      "license": "MIT",
      "devDependencies": {
        "esm": "3.2.25",
        "terser": "4.8.0",
        "uvu": "0.5.4"
      },
      "engines": {
        "node": ">=6"
      }
    },
    "../../node_modules/.pnpm/date-fns@4.4.0/node_modules/date-fns": {
      "version": "4.4.0",
      "license": "MIT",
      "funding": {
        "type": "github",
        "url": "https://github.com/sponsors/kossnocorp"
      }
    },
    "../../node_modules/.pnpm/eslint-config-next@16.3.2_@_f3e8cf50743d13ebe1d5982dce43bd5d/node_modules/eslint-config-next": {
      "version": "16.3.2",
      "dev": true,
      "license": "MIT",
      "dependencies": {
        "@next/eslint-plugin-next": "16.3.2",
        "eslint-import-resolver-node": "^0.3.6",
        "eslint-import-resolver-typescript": "^3.5.2",
        "eslint-plugin-import": "^2.32.0",
        "eslint-plugin-jsx-a11y": "^6.10.0",
        "eslint-plugin-react": "^7.37.0",
        "eslint-plugin-react-hooks": "^7.0.0",
        "globals": "16.4.0",
        "typescript-eslint": "^8.46.0"
      },
      "devDependencies": {
        "@types/eslint": "9.6.1",
        "@types/eslint-plugin-jsx-a11y": "6.10.1",
        "typescript": "6.0.2"
      },
      "peerDependencies": {
        "eslint": ">=9.0.0",
        "typescript": ">=3.3.1"
      },
      "peerDependenciesMeta": {
        "typescript": {
          "optional": true
        }
      }
    },
    "../../node_modules/.pnpm/eslint@9.39.5_jiti@2.7.0_supports-color@7.2.0/node_modules/eslint": {
      "version": "9.39.5",
      "dev": true,
      "license": "MIT",
      "dependencies": {
        "@eslint-community/eslint-utils": "^4.8.0",
        "@eslint-community/regexpp": "^4.12.1",
        "@eslint/config-array": "^0.21.2",
        "@eslint/config-helpers": "^0.4.2",
        "@eslint/core": "^0.17.0",
        "@eslint/eslintrc": "^3.3.6",
        "@eslint/js": "9.39.5",
        "@eslint/plugin-kit": "^0.4.1",
        "@humanfs/node": "^0.16.6",
        "@humanwhocodes/module-importer": "^1.0.1",
        "@humanwhocodes/retry": "^0.4.2",
        "@types/estree": "^1.0.6",
        "ajv": "^6.14.0",
        "chalk": "^4.0.0",
        "cross-spawn": "^7.0.6",
        "debug": "^4.3.2",
        "escape-string-regexp": "^4.0.0",
        "eslint-scope": "^8.4.0",
        "eslint-visitor-keys": "^4.2.1",
        "espree": "^10.4.0",
        "esquery": "^1.5.0",
        "esutils": "^2.0.2",
        "fast-deep-equal": "^3.1.3",
        "file-entry-cache": "^8.0.0",
        "find-up": "^5.0.0",
        "glob-parent": "^6.0.2",
        "ignore": "^5.2.0",
        "imurmurhash": "^0.1.4",
        "is-glob": "^4.0.0",
        "json-stable-stringify-without-jsonify": "^1.0.1",
        "lodash.merge": "^4.6.2",
        "minimatch": "^3.1.5",
        "natural-compare": "^1.4.0",
        "optionator": "^0.9.3"
      },
      "bin": {
        "eslint": "bin/eslint.js"
      },
      "devDependencies": {
        "@arethetypeswrong/cli": "^0.18.0",
        "@babel/core": "^7.4.3",
        "@babel/preset-env": "^7.4.3",
        "@cypress/webpack-preprocessor": "^6.0.2",
        "@eslint/json": "^0.13.2",
        "@trunkio/launcher": "^1.3.4",
        "@types/esquery": "^1.5.4",
        "@types/node": "^22.13.14",
        "@typescript-eslint/parser": "^8.4.0",
        "babel-loader": "^8.0.5",
        "c8": "^7.12.0",
        "chai": "^4.0.1",
        "cheerio": "^0.22.0",
        "common-tags": "^1.8.0",
        "core-js": "^3.1.3",
        "cypress": "^14.1.0",
        "ejs": "^3.0.2",
        "eslint": "file:.",
        "eslint-config-eslint": "file:packages/eslint-config-eslint",
        "eslint-plugin-eslint-plugin": "^6.0.0",
        "eslint-plugin-expect-type": "^0.6.0",
        "eslint-plugin-yml": "^1.14.0",
        "eslint-release": "^3.3.0",
        "eslint-rule-composer": "^0.3.0",
        "eslump": "^3.0.0",
        "esprima": "^4.0.1",
        "fast-glob": "^3.2.11",
        "fs-teardown": "^0.1.3",
        "glob": "^10.0.0",
        "globals": "^16.2.0",
        "got": "^11.8.3",
        "gray-matter": "^4.0.3",
        "jiti": "^2.6.1",
        "jiti-v2.0": "npm:jiti@2.0.x",
        "jiti-v2.1": "npm:jiti@2.1.x",
        "knip": "^5.60.2",
        "lint-staged": "^11.0.0",
        "markdown-it": "^12.2.0",
        "markdown-it-container": "^3.0.0",
        "marked": "^4.0.8",
        "metascraper": "^5.25.7",
        "metascraper-description": "^5.25.7",
        "metascraper-image": "^5.29.3",
        "metascraper-logo": "^5.25.7",
        "metascraper-logo-favicon": "^5.25.7",
        "metascraper-title": "^5.25.7",
        "mocha": "^11.7.1",
        "node-polyfill-webpack-plugin": "^1.0.3",
        "npm-license": "^0.3.3",
        "pirates": "^4.0.5",
        "progress": "^2.0.3",
        "proxyquire": "^2.0.1",
        "recast": "^0.23.0",
        "regenerator-runtime": "^0.14.0",
        "semver": "^7.5.3",
        "shelljs": "^0.10.0",
        "sinon": "^11.0.0",
        "typescript": "^5.3.3",
        "webpack": "^5.23.0",
        "webpack-cli": "^4.5.0",
        "yorkie": "^2.0.0"
      },
      "engines": {
        "node": "^18.18.0 || ^20.9.0 || >=21.1.0"
      },
      "funding": {
        "url": "https://eslint.org/donate"
      },
      "peerDependencies": {
        "jiti": "*"
      },
      "peerDependenciesMeta": {
        "jiti": {
          "optional": true
        }
      }
    },
    "../../node_modules/.pnpm/lucide-react@1.41.0_react@19.2.8/node_modules/lucide-react": {
      "version": "1.41.0",
      "license": "ISC",
      "devDependencies": {
        "@lucide/build-icons": "1.1.0",
        "@lucide/rollup-plugins": "1.0.0",
        "@lucide/shared": "1.0.0",
        "@testing-library/jest-dom": "^6.9.1",
        "@testing-library/react": "^14.3.1",
        "@types/react": "^18.3.31",
        "@vitejs/plugin-react": "^4.7.0",
        "jest-serializer-html": "^7.1.0",
        "react": "18.2.0",
        "react-dom": "18.2.0",
        "rollup": "^4.62.2",
        "rollup-plugin-dts": "^6.4.1",
        "rollup-plugin-preserve-directives": "^0.4.0",
        "typescript": "^5.9.3",
        "vite": "^7.3.6"
      },
      "peerDependencies": {
        "react": "^16.5.1 || ^17.0.0 || ^18.0.0 || ^19.0.0"
      }
    },
    "../../node_modules/.pnpm/next@16.3.2_@babel+core@7.2_6c331fece21594f60573fcdb19a4b6f2/node_modules/next": {
      "version": "16.3.2",
      "license": "MIT",
      "dependencies": {
        "@next/env": "16.3.2",
        "@swc/helpers": "0.5.23",
        "baseline-browser-mapping": "^2.9.19",
        "caniuse-lite": "^1.0.30001579",
        "postcss": "8.5.23",
        "styled-jsx": "5.1.6"
      },
      "bin": {
        "next": "dist/bin/next"
      },
      "engines": {
        "node": ">=20.9.0"
      },
      "optionalDependencies": {
        "@next/swc-darwin-arm64": "16.3.2",
        "@next/swc-darwin-x64": "16.3.2",
        "@next/swc-linux-arm64-gnu": "16.3.2",
        "@next/swc-linux-arm64-musl": "16.3.2",
        "@next/swc-linux-x64-gnu": "16.3.2",
        "@next/swc-linux-x64-musl": "16.3.2",
        "@next/swc-win32-arm64-msvc": "16.3.2",
        "@next/swc-win32-x64-msvc": "16.3.2",
        "sharp": "^0.35.3"
      },
      "peerDependencies": {
        "@opentelemetry/api": "^1.1.0",
        "@playwright/test": "^1.51.1",
        "babel-plugin-react-compiler": "*",
        "react": "^18.2.0 || 19.0.0-rc-de68d2f4-20241204 || ^19.0.0",
        "react-dom": "^18.2.0 || 19.0.0-rc-de68d2f4-20241204 || ^19.0.0",
        "sass": "^1.3.0"
      },
      "peerDependenciesMeta": {
        "@opentelemetry/api": {
          "optional": true
        },
        "@playwright/test": {
          "optional": true
        },
        "babel-plugin-react-compiler": {
          "optional": true
        },
        "sass": {
          "optional": true
        }
      }
    },
    "../../node_modules/.pnpm/qrcode.react@4.2.0_react@19.2.8/node_modules/qrcode.react": {
      "version": "4.2.0",
      "license": "ISC",
      "devDependencies": {
        "@jest/globals": "^29.5.0",
        "@testing-library/dom": "^10.4.0",
        "@testing-library/jest-dom": "^6.4.8",
        "@testing-library/react": "^16.1.0",
        "@types/node": "^20.4.10",
        "@types/react": "^19.0.1",
        "@types/react-dom": "^19.0.2",
        "@typescript-eslint/eslint-plugin": "^6.3.0",
        "@typescript-eslint/parser": "^6.3.0",
        "eslint": "^8.6.0",
        "eslint-config-prettier": "^9.0.0",
        "eslint-plugin-jest": "^27.1.3",
        "eslint-plugin-prettier": "^5.0.0",
        "eslint-plugin-react": "^7.23.2",
        "eslint-plugin-react-hooks": "^4.5.0",
        "gh-pages": "^6.0.0",
        "jest": "^29.2.2",
        "jest-environment-jsdom": "^29.7.0",
        "prettier": "^3.0.1",
        "react": "^19.0.0",
        "react-dom": "^19.0.0",
        "ts-jest": "^29.1.0",
        "tsup": "^8.0.2",
        "typescript": "^5.0.4"
      },
      "peerDependencies": {
        "react": "^16.8.0 || ^17.0.0 || ^18.0.0 || ^19.0.0"
      }
    },
    "../../node_modules/.pnpm/react-dom@19.2.8_react@19.2.8/node_modules/react-dom": {
      "version": "19.2.8",
      "license": "MIT",
      "dependencies": {
        "scheduler": "^0.27.0"
      },
      "peerDependencies": {
        "react": "^19.2.8"
      }
    },
    "../../node_modules/.pnpm/react@19.2.8/node_modules/react": {
      "version": "19.2.8",
      "license": "MIT",
      "engines": {
        "node": ">=0.10.0"
      }
    },
    "../../node_modules/.pnpm/shadcn@4.21.0_supports-color@7.2.0_typescript@5.9.3/node_modules/shadcn": {
      "version": "4.21.0",
      "license": "MIT",
      "dependencies": {
        "@babel/core": "^7.28.0",
        "@babel/parser": "^7.28.0",
        "@babel/plugin-transform-typescript": "^7.28.0",
        "@babel/preset-typescript": "^7.27.1",
        "@dotenvx/dotenvx": "^1.48.4",
        "@modelcontextprotocol/sdk": "^1.26.0",
        "@types/validate-npm-package-name": "^4.0.2",
        "browserslist": "^4.26.2",
        "cn": "^0.2.4",
        "commander": "^14.0.0",
        "cosmiconfig": "^9.0.0",
        "dedent": "^1.6.0",
        "deepmerge": "^4.3.1",
        "diff": "^8.0.2",
        "execa": "^9.6.0",
        "fast-glob": "^3.3.3",
        "fs-extra": "^11.3.1",
        "fuzzysort": "^3.1.0",
        "kleur": "^4.1.5",
        "open": "^11.0.0",
        "ora": "^8.2.0",
        "postcss": "^8.5.6",
        "postcss-selector-parser": "^7.1.0",
        "prompts": "^2.4.2",
        "recast": "^0.23.11",
        "socks": "^2.8.8",
        "stringify-object": "^5.0.0",
        "ts-morph": "^26.0.0",
        "tsconfig-paths": "^4.2.0",
        "undici": "^7.27.2",
        "validate-npm-package-name": "^7.0.1",
        "zod": "^3.24.1",
        "zod-to-json-schema": "^3.24.6"
      },
      "bin": {
        "shadcn": "dist/index.js"
      },
      "devDependencies": {
        "@antfu/ni": "^25.0.0",
        "@types/babel__core": "^7.20.5",
        "@types/fs-extra": "^11.0.4",
        "@types/prompts": "^2.4.9",
        "@types/stringify-object": "^4.0.5",
        "msw": "^2.10.4",
        "rimraf": "^6.0.1",
        "tsup": "^8.5.0",
        "type-fest": "^4.41.0",
        "typescript": "^5.9.2"
      },
      "engines": {
        "node": ">=20.18.1"
      }
    },
    "../../node_modules/.pnpm/tailwind-merge@3.6.0/node_modules/tailwind-merge": {
      "version": "3.6.0",
      "license": "MIT",
      "devDependencies": {
        "@babel/core": "^7.29.0",
        "@babel/preset-env": "^7.29.3",
        "@codspeed/vitest-plugin": "^5.4.0",
        "@rollup/plugin-babel": "^7.0.0",
        "@rollup/plugin-node-resolve": "^16.0.3",
        "@rollup/plugin-typescript": "^12.3.0",
        "@types/node": "^24.12.2",
        "@vitest/coverage-v8": "^4.1.5",
        "@vitest/eslint-plugin": "^1.6.16",
        "babel-plugin-annotate-pure-calls": "^0.5.0",
        "babel-plugin-polyfill-regenerator": "^0.6.8",
        "eslint": "^9.39.4",
        "eslint-plugin-import": "^2.32.0",
        "globby": "^16.2.0",
        "prettier": "^3.8.3",
        "rollup": "^4.60.2",
        "rollup-plugin-delete": "^3.0.2",
        "rollup-plugin-dts": "^6.4.1",
        "tslib": "^2.8.1",
        "typescript": "^5.9.3",
        "typescript-eslint": "^8.59.1",
        "vitest": "^4.1.5",
        "zx": "^8.8.5"
      },
      "funding": {
        "type": "github",
        "url": "https://github.com/sponsors/dcastil"
      }
    },
    "../../node_modules/.pnpm/tailwindcss@4.3.3/node_modules/tailwindcss": {
      "version": "4.3.3",
      "dev": true,
      "license": "MIT",
      "devDependencies": {
        "@jridgewell/remapping": "^2.3.5",
        "@tailwindcss/oxide": "^4.3.3",
        "@types/node": "22.19.21",
        "dedent": "1.7.2",
        "lightningcss": "1.32.0",
        "magic-string": "^0.30.21",
        "source-map-js": "^1.2.1"
      }
    },
    "../../node_modules/.pnpm/tw-animate-css@1.4.0/node_modules/tw-animate-css": {
      "version": "1.4.0",
      "license": "MIT",
      "devDependencies": {
        "@commitlint/cli": "^19.8.1",
        "@commitlint/config-conventional": "^19.8.1",
        "@types/node": "^24.5.2",
        "lint-staged": "^16.2.0",
        "prettier": "^3.6.2",
        "simple-git-hooks": "^2.13.1",
        "sort-package-json": "^3.4.0"
      },
      "funding": {
        "url": "https://github.com/sponsors/Wombosvideo"
      }
    },
    "../../node_modules/.pnpm/typescript@5.9.3/node_modules/typescript": {
      "version": "5.9.3",
      "dev": true,
      "license": "Apache-2.0",
      "bin": {
        "tsc": "bin/tsc",
        "tsserver": "bin/tsserver"
      },
      "devDependencies": {
        "@dprint/formatter": "^0.4.1",
        "@dprint/typescript": "0.93.4",
        "@esfx/canceltoken": "^1.0.0",
        "@eslint/js": "^9.20.0",
        "@octokit/rest": "^21.1.1",
        "@types/chai": "^4.3.20",
        "@types/diff": "^7.0.1",
        "@types/minimist": "^1.2.5",
        "@types/mocha": "^10.0.10",
        "@types/ms": "^0.7.34",
        "@types/node": "latest",
        "@types/source-map-support": "^0.5.10",
        "@types/which": "^3.0.4",
        "@typescript-eslint/rule-tester": "^8.24.1",
        "@typescript-eslint/type-utils": "^8.24.1",
        "@typescript-eslint/utils": "^8.24.1",
        "azure-devops-node-api": "^14.1.0",
        "c8": "^10.1.3",
        "chai": "^4.5.0",
        "chokidar": "^4.0.3",
        "diff": "^7.0.0",
        "dprint": "^0.49.0",
        "esbuild": "^0.25.0",
        "eslint": "^9.20.1",
        "eslint-formatter-autolinkable-stylish": "^1.4.0",
        "eslint-plugin-regexp": "^2.7.0",
        "fast-xml-parser": "^4.5.2",
        "glob": "^10.4.5",
        "globals": "^15.15.0",
        "hereby": "^1.10.0",
        "jsonc-parser": "^3.3.1",
        "knip": "^5.44.4",
        "minimist": "^1.2.8",
        "mocha": "^10.8.2",
        "mocha-fivemat-progress-reporter": "^0.1.0",
        "monocart-coverage-reports": "^2.12.1",
        "ms": "^2.1.3",
        "picocolors": "^1.1.1",
        "playwright": "^1.50.1",
        "source-map-support": "^0.5.21",
        "tslib": "^2.8.1",
        "typescript": "^5.7.3",
        "typescript-eslint": "^8.24.1",
        "which": "^3.0.1"
      },
      "engines": {
        "node": ">=14.17"
      }
    },
    "../../node_modules/.pnpm/vitest@4.1.11_@types+node@2_e5e8a505bb484e61fb350cfbc8ccd034/node_modules/vitest": {
      "version": "4.1.11",
      "dev": true,
      "license": "MIT",
      "dependencies": {
        "@vitest/expect": "4.1.11",
        "@vitest/mocker": "4.1.11",
        "@vitest/pretty-format": "4.1.11",
        "@vitest/runner": "4.1.11",
        "@vitest/snapshot": "4.1.11",
        "@vitest/spy": "4.1.11",
        "@vitest/utils": "4.1.11",
        "es-module-lexer": "^2.0.0",
        "expect-type": "^1.3.0",
        "magic-string": "^0.30.21",
        "obug": "^2.1.1",
        "pathe": "^2.0.3",
        "picomatch": "^4.0.3",
        "std-env": "^4.0.0-rc.1",
        "tinybench": "^2.9.0",
        "tinyexec": "^1.0.2",
        "tinyglobby": "^0.2.15",
        "tinyrainbow": "^3.1.0",
        "vite": "^6.0.0 || ^7.0.0 || ^8.0.0",
        "why-is-node-running": "^2.3.0"
      },
      "bin": {
        "vitest": "vitest.mjs"
      },
      "devDependencies": {
        "@antfu/install-pkg": "^1.1.0",
        "@bomb.sh/tab": "^0.0.14",
        "@edge-runtime/vm": "^5.0.0",
        "@jridgewell/trace-mapping": "0.3.31",
        "@opentelemetry/api": "^1.9.0",
        "@sinonjs/fake-timers": "15.0.0",
        "@types/estree": "^1.0.8",
        "@types/istanbul-lib-coverage": "^2.0.6",
        "@types/istanbul-reports": "^3.0.4",
        "@types/jsdom": "^27.0.0",
        "@types/node": "^24.12.0",
        "@types/picomatch": "^4.0.2",
        "@types/prompts": "^2.4.9",
        "@types/sinonjs__fake-timers": "^15.0.1",
        "acorn": "8.11.3",
        "acorn-walk": "^8.3.5",
        "birpc": "^4.0.0",
        "cac": "^6.7.14",
        "empathic": "^2.0.0",
        "flatted": "^3.4.2",
        "happy-dom": "^20.8.3",
        "jsdom": "^27.4.0",
        "local-pkg": "^1.1.2",
        "mime": "^4.1.0",
        "prompts": "^2.4.2",
        "strip-literal": "^3.1.0",
        "tinyhighlight": "^0.3.2",
        "ws": "^8.19.0"
      },
      "engines": {
        "node": "^20.0.0 || ^22.0.0 || >=24.0.0"
      },
      "funding": {
        "url": "https://opencollective.com/vitest"
      },
      "peerDependencies": {
        "@edge-runtime/vm": "*",
        "@opentelemetry/api": "^1.9.0",
        "@types/node": "^20.0.0 || ^22.0.0 || >=24.0.0",
        "@vitest/browser-playwright": "4.1.11",
        "@vitest/browser-preview": "4.1.11",
        "@vitest/browser-webdriverio": "4.1.11",
        "@vitest/coverage-istanbul": "4.1.11",
        "@vitest/coverage-v8": "4.1.11",
        "@vitest/ui": "4.1.11",
        "happy-dom": "*",
        "jsdom": "*",
        "vite": "^6.0.0 || ^7.0.0 || ^8.0.0"
      },
      "peerDependenciesMeta": {
        "@edge-runtime/vm": {
          "optional": true
        },
        "@opentelemetry/api": {
          "optional": true
        },
        "@types/node": {
          "optional": true
        },
        "@vitest/browser-playwright": {
          "optional": true
        },
        "@vitest/browser-preview": {
          "optional": true
        },
        "@vitest/browser-webdriverio": {
          "optional": true
        },
        "@vitest/coverage-istanbul": {
          "optional": true
        },
        "@vitest/coverage-v8": {
          "optional": true
        },
        "@vitest/ui": {
          "optional": true
        },
        "happy-dom": {
          "optional": true
        },
        "jsdom": {
          "optional": true
        },
        "vite": {
          "optional": false
        }
      }
    },
    "../../packages/shared-types": {
      "name": "@locofoot/shared-types",
      "version": "0.1.0",
      "devDependencies": {
        "typescript": "^5.0.0"
      }
    },
    "../../packages/shared-types/node_modules/typescript": {
      "resolved": "../../node_modules/.pnpm/typescript@5.9.3/node_modules/typescript",
      "link": true
    },
    "node_modules/@base-ui/react": {
      "resolved": "../../node_modules/.pnpm/@base-ui+react@1.8.0_@types_b1626b12d7775422a8cabee114d3a5b5/node_modules/@base-ui/react",
      "link": true
    },
    "node_modules/@locofoot/shared-types": {
      "resolved": "../../packages/shared-types",
      "link": true
    },
    "node_modules/@playwright/test": {
      "resolved": "../../node_modules/.pnpm/@playwright+test@1.62.1/node_modules/@playwright/test",
      "link": true
    },
    "node_modules/@supabase/ssr": {
      "resolved": "../../node_modules/.pnpm/@supabase+ssr@0.12.6_@supabase+supabase-js@2.115.0/node_modules/@supabase/ssr",
      "link": true
    },
    "node_modules/@supabase/supabase-js": {
      "resolved": "../../node_modules/.pnpm/@supabase+supabase-js@2.115.0/node_modules/@supabase/supabase-js",
      "link": true
    },
    "node_modules/@tailwindcss/postcss": {
      "resolved": "../../node_modules/.pnpm/@tailwindcss+postcss@4.3.3/node_modules/@tailwindcss/postcss",
      "link": true
    },
    "node_modules/@types/node": {
      "resolved": "../../node_modules/.pnpm/@types+node@20.19.43/node_modules/@types/node",
      "link": true
    },
    "node_modules/@types/react": {
      "resolved": "../../node_modules/.pnpm/@types+react@19.2.18/node_modules/@types/react",
      "link": true
    },
    "node_modules/@types/react-dom": {
      "resolved": "../../node_modules/.pnpm/@types+react-dom@19.2.7_@types+react@19.2.18/node_modules/@types/react-dom",
      "link": true
    },
    "node_modules/class-variance-authority": {
      "resolved": "../../node_modules/.pnpm/class-variance-authority@0.7.1/node_modules/class-variance-authority",
      "link": true
    },
    "node_modules/clsx": {
      "resolved": "../../node_modules/.pnpm/clsx@2.1.1/node_modules/clsx",
      "link": true
    },
    "node_modules/date-fns": {
      "resolved": "../../node_modules/.pnpm/date-fns@4.4.0/node_modules/date-fns",
      "link": true
    },
    "node_modules/eslint": {
      "resolved": "../../node_modules/.pnpm/eslint@9.39.5_jiti@2.7.0_supports-color@7.2.0/node_modules/eslint",
      "link": true
    },
    "node_modules/eslint-config-next": {
      "resolved": "../../node_modules/.pnpm/eslint-config-next@16.3.2_@_f3e8cf50743d13ebe1d5982dce43bd5d/node_modules/eslint-config-next",
      "link": true
    },
    "node_modules/framer-motion": {
      "version": "13.2.0",
      "resolved": "https://registry.npmjs.org/framer-motion/-/framer-motion-13.2.0.tgz",
      "integrity": "sha512-9E33ebgMaO33w1nN/jEdW8z3/GO483fMi4rqbMG9rt83XgW9QLKRe4NcmJ8s+fQ3O34++UHrIQwlIWGIWTITjA==",
      "license": "MIT",
      "dependencies": {
        "motion-dom": "^13.2.0",
        "motion-utils": "^13.0.0",
        "tslib": "^2.4.0"
      },
      "peerDependencies": {
        "react": "^18.0.0 || ^19.0.0",
        "react-dom": "^18.0.0 || ^19.0.0"
      },
      "peerDependenciesMeta": {
        "react": {
          "optional": true
        },
        "react-dom": {
          "optional": true
        }
      }
    },
    "node_modules/lucide-react": {
      "resolved": "../../node_modules/.pnpm/lucide-react@1.41.0_react@19.2.8/node_modules/lucide-react",
      "link": true
    },
    "node_modules/motion-dom": {
      "version": "13.2.0",
      "resolved": "https://registry.npmjs.org/motion-dom/-/motion-dom-13.2.0.tgz",
      "integrity": "sha512-N6gdSoWRDk0Rh/fVtlqUtLs+fEN3ELFZI3cn3IQE9Mnf3E+Mh8wjO6MstzCOPFh4Yf0L1as5m2eUyYWj8ylVSQ==",
      "license": "MIT",
      "dependencies": {
        "motion-utils": "^13.0.0"
      }
    },
    "node_modules/motion-utils": {
      "version": "13.0.0",
      "resolved": "https://registry.npmjs.org/motion-utils/-/motion-utils-13.0.0.tgz",
      "integrity": "sha512-7DnN7TmbLcYXcG4RVadXIihWlyuM9afoUww8Y5Agg431kGKiuL2/OMyP4mJ5wLz+pvN3t5ySClLOaVXJ+wekRQ==",
      "license": "MIT"
    },
    "node_modules/next": {
      "resolved": "../../node_modules/.pnpm/next@16.3.2_@babel+core@7.2_6c331fece21594f60573fcdb19a4b6f2/node_modules/next",
      "link": true
    },
    "node_modules/qrcode.react": {
      "resolved": "../../node_modules/.pnpm/qrcode.react@4.2.0_react@19.2.8/node_modules/qrcode.react",
      "link": true
    },
    "node_modules/react": {
      "resolved": "../../node_modules/.pnpm/react@19.2.8/node_modules/react",
      "link": true
    },
    "node_modules/react-dom": {
      "resolved": "../../node_modules/.pnpm/react-dom@19.2.8_react@19.2.8/node_modules/react-dom",
      "link": true
    },
    "node_modules/shadcn": {
      "resolved": "../../node_modules/.pnpm/shadcn@4.21.0_supports-color@7.2.0_typescript@5.9.3/node_modules/shadcn",
      "link": true
    },
    "node_modules/tailwind-merge": {
      "resolved": "../../node_modules/.pnpm/tailwind-merge@3.6.0/node_modules/tailwind-merge",
      "link": true
    },
    "node_modules/tailwindcss": {
      "resolved": "../../node_modules/.pnpm/tailwindcss@4.3.3/node_modules/tailwindcss",
      "link": true
    },
    "node_modules/tslib": {
      "version": "2.8.1",
      "license": "0BSD"
    },
    "node_modules/tw-animate-css": {
      "resolved": "../../node_modules/.pnpm/tw-animate-css@1.4.0/node_modules/tw-animate-css",
      "link": true
    },
    "node_modules/typescript": {
      "resolved": "../../node_modules/.pnpm/typescript@5.9.3/node_modules/typescript",
      "link": true
    },
    "node_modules/vitest": {
      "resolved": "../../node_modules/.pnpm/vitest@4.1.11_@types+node@2_e5e8a505bb484e61fb350cfbc8ccd034/node_modules/vitest",
      "link": true
    }
  }
}
